
Microsoft Visual Studio Solution File, Format Version 12.00
# Visual Studio Version 16
VisualStudioVersion = 16.0.29911.84
MinimumVisualStudioVersion = 10.0.40219.1
Project("{FAE04EC0-301F-11D3-BF4B-00C04F79EFBC}") = "MyEmployeeDepartmentAPI", "MyEmployeeDepartmentAPI\MyEmployeeDepartmentAPI.csproj", "{DCD32590-5CF2-4556-B071-F1338FE476B7}"
EndProject
Global
	GlobalSection(SolutionConfigurationPlatforms) = preSolution
		Debug|Any CPU = Debug|Any CPU
		Release|Any CPU = Release|Any CPU
	EndGlobalSection
	GlobalSection(ProjectConfigurationPlatforms) = postSolution
		{DCD32590-5CF2-4556-B071-F1338FE476B7}.Debug|Any CPU.ActiveCfg = Debug|Any CPU
		{DCD32590-5CF2-4556-B071-F1338FE476B7}.Debug|Any CPU.Build.0 = Debug|Any CPU
		{DCD32590-5CF2-4556-B071-F1338FE476B7}.Release|Any CPU.ActiveCfg = Release|Any CPU
		{DCD32590-5CF2-4556-B071-F1338FE476B7}.Release|Any CPU.Build.0 = Release|Any CPU
	EndGlobalSection
	GlobalSection(SolutionProperties) = preSolution
		HideSolutionNode = FALSE
	EndGlobalSection
	GlobalSection(ExtensibilityGlobals) = postSolution
		SolutionGuid = {43499585-1448-406C-9643-17C484283D6C}
	EndGlobalSection
EndGlobal
